// !$*UTF8*$!
{
	archiveVersion = 1;
	classes = {
	};
	objectVersion = 46;
	objects = {

/* Begin PBXBuildFile section */
		4EA238CF1D7796DC005AACF9 /* Calibre.h in Headers */ = {isa = PBXBuildFile; fileRef = 4EA238CE1D7796DC005AACF9 /* Calibre.h */; settings = {ATTRIBUTES = (Public, ); }; };
		4EA238D61D7796DC005AACF9 /* Calibre.framework in Frameworks */ = {isa = PBXBuildFile; fileRef = 4EA238CB1D7796DC005AACF9 /* Calibre.framework */; };
		4EA238DB1D7796DC005AACF9 /* CalibreTests.swift in Sources */ = {isa = PBXBuildFile; fileRef = 4EA238DA1D7796DC005AACF9 /* CalibreTests.swift */; };
		4EA238E91D779785005AACF9 /* Action.swift in Sources */ = {isa = PBXBuildFile; fileRef = 4EA238E81D779784005AACF9 /* Action.swift */; };
		4EA238EB1D7797DE005AACF9 /* Subscription.swift in Sources */ = {isa = PBXBuildFile; fileRef = 4EA238EA1D7797DE005AACF9 /* Subscription.swift */; };
		4EA238ED1D7797FB005AACF9 /* State.swift in Sources */ = {isa = PBXBuildFile; fileRef = 4EA238EC1D7797FB005AACF9 /* State.swift */; };
		4EA238EF1D779945005AACF9 /* Reducer.swift in Sources */ = {isa = PBXBuildFile; fileRef = 4EA238EE1D779945005AACF9 /* Reducer.swift */; };
		4EA238F11D7799FD005AACF9 /* Types.swift in Sources */ = {isa = PBXBuildFile; fileRef = 4EA238F01D7799FD005AACF9 /* Types.swift */; };
		4EA238F31D779AE2005AACF9 /* Store.swift in Sources */ = {isa = PBXBuildFile; fileRef = 4EA238F21D779AE2005AACF9 /* Store.swift */; };
		4EA239D71D7DCCBF005AACF9 /* Command.swift in Sources */ = {isa = PBXBuildFile; fileRef = 4EA239D61D7DCCBF005AACF9 /* Command.swift */; };
		4EA239DA1D7DCD64005AACF9 /* UIResponder+CoR.swift in Sources */ = {isa = PBXBuildFile; fileRef = 4EA239D91D7DCD64005AACF9 /* UIResponder+CoR.swift */; };
		4ED70DCF1D7DE90400A4DFBB /* CommandChainTests.swift in Sources */ = {isa = PBXBuildFile; fileRef = 4ED70DCE1D7DE90400A4DFBB /* CommandChainTests.swift */; };
		4ED70DD71D7F4D3A00A4DFBB /* AppDelegate.swift in Sources */ = {isa = PBXBuildFile; fileRef = 4ED70DD61D7F4D3A00A4DFBB /* AppDelegate.swift */; };
		4ED70DDE1D7F4D3A00A4DFBB /* Assets.xcassets in Resources */ = {isa = PBXBuildFile; fileRef = 4ED70DDD1D7F4D3A00A4DFBB /* Assets.xcassets */; };
		4ED70DE11D7F4D3A00A4DFBB /* LaunchScreen.storyboard in Resources */ = {isa = PBXBuildFile; fileRef = 4ED70DDF1D7F4D3A00A4DFBB /* LaunchScreen.storyboard */; };
		4ED70DEB1D7F4D9F00A4DFBB /* SplashViewController.swift in Sources */ = {isa = PBXBuildFile; fileRef = 4ED70DE91D7F4D9F00A4DFBB /* SplashViewController.swift */; };
		4ED70DEC1D7F4D9F00A4DFBB /* Calibre_Example.SplashViewController.xib in Resources */ = {isa = PBXBuildFile; fileRef = 4ED70DEA1D7F4D9F00A4DFBB /* Calibre_Example.SplashViewController.xib */; };
		4ED70DEE1D7F4F0200A4DFBB /* AppState.swift in Sources */ = {isa = PBXBuildFile; fileRef = 4ED70DED1D7F4F0200A4DFBB /* AppState.swift */; };
		4ED70DF21D7F4F4C00A4DFBB /* Product.swift in Sources */ = {isa = PBXBuildFile; fileRef = 4ED70DF11D7F4F4C00A4DFBB /* Product.swift */; };
		4ED70DF51D7F4FC700A4DFBB /* AppReducer.swift in Sources */ = {isa = PBXBuildFile; fileRef = 4ED70DF41D7F4FC700A4DFBB /* AppReducer.swift */; };
		4ED70DF71D7F501F00A4DFBB /* ProductsReducer.swift in Sources */ = {isa = PBXBuildFile; fileRef = 4ED70DF61D7F501F00A4DFBB /* ProductsReducer.swift */; };
		4ED70DFA1D7F50A900A4DFBB /* AddProductAction.swift in Sources */ = {isa = PBXBuildFile; fileRef = 4ED70DF91D7F50A900A4DFBB /* AddProductAction.swift */; };
		4ED70DFD1D7F52A600A4DFBB /* Calibre.framework in Frameworks */ = {isa = PBXBuildFile; fileRef = 4EA238CB1D7796DC005AACF9 /* Calibre.framework */; };
		4ED70E001D7F666300A4DFBB /* ProductsFlowController.swift in Sources */ = {isa = PBXBuildFile; fileRef = 4ED70DFF1D7F666300A4DFBB /* ProductsFlowController.swift */; };
		4ED70E031D7F669F00A4DFBB /* ProductsListViewController.swift in Sources */ = {isa = PBXBuildFile; fileRef = 4ED70E011D7F669F00A4DFBB /* ProductsListViewController.swift */; };
		4ED70E041D7F669F00A4DFBB /* Calibre_Example.ProductsListViewController.xib in Resources */ = {isa = PBXBuildFile; fileRef = 4ED70E021D7F669F00A4DFBB /* Calibre_Example.ProductsListViewController.xib */; };
		4ED70E081D7F68C000A4DFBB /* ProductsListCell.swift in Sources */ = {isa = PBXBuildFile; fileRef = 4ED70E061D7F68C000A4DFBB /* ProductsListCell.swift */; };
		4ED70E091D7F68C000A4DFBB /* Calibre_Example.ProductsListCell.xib in Resources */ = {isa = PBXBuildFile; fileRef = 4ED70E071D7F68C000A4DFBB /* Calibre_Example.ProductsListCell.xib */; };
/* End PBXBuildFile section */

/* Begin PBXContainerItemProxy section */
		4EA238D71D7796DC005AACF9 /* PBXContainerItemProxy */ = {
			isa = PBXContainerItemProxy;
			containerPortal = 4EA238C21D7796DC005AACF9 /* Project object */;
			proxyType = 1;
			remoteGlobalIDString = 4EA238CA1D7796DC005AACF9;
			remoteInfo = Calibre;
		};
		4ED70DFB1D7F52A100A4DFBB /* PBXContainerItemProxy */ = {
			isa = PBXContainerItemProxy;
			containerPortal = 4EA238C21D7796DC005AACF9 /* Project object */;
			proxyType = 1;
			remoteGlobalIDString = 4EA238CA1D7796DC005AACF9;
			remoteInfo = Calibre;
		};
/* End PBXContainerItemProxy section */

/* Begin PBXFileReference section */
		4EA238CB1D7796DC005AACF9 /* Calibre.framework */ = {isa = PBXFileReference; explicitFileType = wrapper.framework; includeInIndex = 0; path = Calibre.framework; sourceTree = BUILT_PRODUCTS_DIR; };
		4EA238CE1D7796DC005AACF9 /* Calibre.h */ = {isa = PBXFileReference; lastKnownFileType = sourcecode.c.h; path = Calibre.h; sourceTree = "<group>"; };
		4EA238D01D7796DC005AACF9 /* Info.plist */ = {isa = PBXFileReference; lastKnownFileType = text.plist.xml; path = Info.plist; sourceTree = "<group>"; };
		4EA238D51D7796DC005AACF9 /* CalibreTests.xctest */ = {isa = PBXFileReference; explicitFileType = wrapper.cfbundle; includeInIndex = 0; path = CalibreTests.xctest; sourceTree = BUILT_PRODUCTS_DIR; };
		4EA238DA1D7796DC005AACF9 /* CalibreTests.swift */ = {isa = PBXFileReference; lastKnownFileType = sourcecode.swift; path = CalibreTests.swift; sourceTree = "<group>"; };
		4EA238DC1D7796DC005AACF9 /* Info.plist */ = {isa = PBXFileReference; lastKnownFileType = text.plist.xml; path = Info.plist; sourceTree = "<group>"; };
		4EA238E81D779784005AACF9 /* Action.swift */ = {isa = PBXFileReference; fileEncoding = 4; lastKnownFileType = sourcecode.swift; path = Action.swift; sourceTree = "<group>"; };
		4EA238EA1D7797DE005AACF9 /* Subscription.swift */ = {isa = PBXFileReference; fileEncoding = 4; lastKnownFileType = sourcecode.swift; path = Subscription.swift; sourceTree = "<group>"; };
		4EA238EC1D7797FB005AACF9 /* State.swift */ = {isa = PBXFileReference; fileEncoding = 4; lastKnownFileType = sourcecode.swift; path = State.swift; sourceTree = "<group>"; };
		4EA238EE1D779945005AACF9 /* Reducer.swift */ = {isa = PBXFileReference; fileEncoding = 4; lastKnownFileType = sourcecode.swift; path = Reducer.swift; sourceTree = "<group>"; };
		4EA238F01D7799FD005AACF9 /* Types.swift */ = {isa = PBXFileReference; fileEncoding = 4; lastKnownFileType = sourcecode.swift; path = Types.swift; sourceTree = "<group>"; };
		4EA238F21D779AE2005AACF9 /* Store.swift */ = {isa = PBXFileReference; fileEncoding = 4; lastKnownFileType = sourcecode.swift; path = Store.swift; sourceTree = "<group>"; };
		4EA239D61D7DCCBF005AACF9 /* Command.swift */ = {isa = PBXFileReference; fileEncoding = 4; lastKnownFileType = sourcecode.swift; path = Command.swift; sourceTree = "<group>"; };
		4EA239D91D7DCD64005AACF9 /* UIResponder+CoR.swift */ = {isa = PBXFileReference; fileEncoding = 4; lastKnownFileType = sourcecode.swift; path = "UIResponder+CoR.swift"; sourceTree = "<group>"; };
		4ED70DCE1D7DE90400A4DFBB /* CommandChainTests.swift */ = {isa = PBXFileReference; fileEncoding = 4; lastKnownFileType = sourcecode.swift; path = CommandChainTests.swift; sourceTree = "<group>"; };
		4ED70DD41D7F4D3A00A4DFBB /* Calibre Example.app */ = {isa = PBXFileReference; explicitFileType = wrapper.application; includeInIndex = 0; path = "Calibre Example.app"; sourceTree = BUILT_PRODUCTS_DIR; };
		4ED70DD61D7F4D3A00A4DFBB /* AppDelegate.swift */ = {isa = PBXFileReference; lastKnownFileType = sourcecode.swift; path = AppDelegate.swift; sourceTree = "<group>"; };
		4ED70DDD1D7F4D3A00A4DFBB /* Assets.xcassets */ = {isa = PBXFileReference; lastKnownFileType = folder.assetcatalog; path = Assets.xcassets; sourceTree = "<group>"; };
		4ED70DE01D7F4D3A00A4DFBB /* Base */ = {isa = PBXFileReference; lastKnownFileType = file.storyboard; name = Base; path = Base.lproj/LaunchScreen.storyboard; sourceTree = "<group>"; };
		4ED70DE21D7F4D3A00A4DFBB /* Info.plist */ = {isa = PBXFileReference; lastKnownFileType = text.plist.xml; path = Info.plist; sourceTree = "<group>"; };
		4ED70DE91D7F4D9F00A4DFBB /* SplashViewController.swift */ = {isa = PBXFileReference; fileEncoding = 4; lastKnownFileType = sourcecode.swift; path = SplashViewController.swift; sourceTree = "<group>"; };
		4ED70DEA1D7F4D9F00A4DFBB /* Calibre_Example.SplashViewController.xib */ = {isa = PBXFileReference; fileEncoding = 4; lastKnownFileType = file.xib; path = Calibre_Example.SplashViewController.xib; sourceTree = "<group>"; };
		4ED70DED1D7F4F0200A4DFBB /* AppState.swift */ = {isa = PBXFileReference; fileEncoding = 4; lastKnownFileType = sourcecode.swift; path = AppState.swift; sourceTree = "<group>"; };
		4ED70DF11D7F4F4C00A4DFBB /* Product.swift */ = {isa = PBXFileReference; fileEncoding = 4; lastKnownFileType = sourcecode.swift; path = Product.swift; sourceTree = "<group>"; };
		4ED70DF41D7F4FC700A4DFBB /* AppReducer.swift */ = {isa = PBXFileReference; fileEncoding = 4; lastKnownFileType = sourcecode.swift; path = AppReducer.swift; sourceTree = "<group>"; };
		4ED70DF61D7F501F00A4DFBB /* ProductsReducer.swift */ = {isa = PBXFileReference; fileEncoding = 4; lastKnownFileType = sourcecode.swift; path = ProductsReducer.swift; sourceTree = "<group>"; };
		4ED70DF91D7F50A900A4DFBB /* AddProductAction.swift */ = {isa = PBXFileReference; fileEncoding = 4; lastKnownFileType = sourcecode.swift; path = AddProductAction.swift; sourceTree = "<group>"; };
		4ED70DFF1D7F666300A4DFBB /* ProductsFlowController.swift */ = {isa = PBXFileReference; fileEncoding = 4; lastKnownFileType = sourcecode.swift; path = ProductsFlowController.swift; sourceTree = "<group>"; };
		4ED70E011D7F669F00A4DFBB /* ProductsListViewController.swift */ = {isa = PBXFileReference; fileEncoding = 4; lastKnownFileType = sourcecode.swift; path = ProductsListViewController.swift; sourceTree = "<group>"; };
		4ED70E021D7F669F00A4DFBB /* Calibre_Example.ProductsListViewController.xib */ = {isa = PBXFileReference; fileEncoding = 4; lastKnownFileType = file.xib; path = Calibre_Example.ProductsListViewController.xib; sourceTree = "<group>"; };
		4ED70E061D7F68C000A4DFBB /* ProductsListCell.swift */ = {isa = PBXFileReference; fileEncoding = 4; lastKnownFileType = sourcecode.swift; path = ProductsListCell.swift; sourceTree = "<group>"; };
		4ED70E071D7F68C000A4DFBB /* Calibre_Example.ProductsListCell.xib */ = {isa = PBXFileReference; fileEncoding = 4; lastKnownFileType = file.xib; path = Calibre_Example.ProductsListCell.xib; sourceTree = "<group>"; };
/* End PBXFileReference section */

/* Begin PBXFrameworksBuildPhase section */
		4EA238C71D7796DC005AACF9 /* Frameworks */ = {
			isa = PBXFrameworksBuildPhase;
			buildActionMask = 2147483647;
			files = (
			);
			runOnlyForDeploymentPostprocessing = 0;
		};
		4EA238D21D7796DC005AACF9 /* Frameworks */ = {
			isa = PBXFrameworksBuildPhase;
			buildActionMask = 2147483647;
			files = (
				4EA238D61D7796DC005AACF9 /* Calibre.framework in Frameworks */,
			);
			runOnlyForDeploymentPostprocessing = 0;
		};
		4ED70DD11D7F4D3900A4DFBB /* Frameworks */ = {
			isa = PBXFrameworksBuildPhase;
			buildActionMask = 2147483647;
			files = (
				4ED70DFD1D7F52A600A4DFBB /* Calibre.framework in Frameworks */,
			);
			runOnlyForDeploymentPostprocessing = 0;
		};
/* End PBXFrameworksBuildPhase section */

/* Begin PBXGroup section */
		4EA238C11D7796DC005AACF9 = {
			isa = PBXGroup;
			children = (
				4EA238CD1D7796DC005AACF9 /* Calibre */,
				4EA238D91D7796DC005AACF9 /* CalibreTests */,
				4ED70DD51D7F4D3A00A4DFBB /* Calibre Example */,
				4EA238CC1D7796DC005AACF9 /* Products */,
			);
			sourceTree = "<group>";
		};
		4EA238CC1D7796DC005AACF9 /* Products */ = {
			isa = PBXGroup;
			children = (
				4EA238CB1D7796DC005AACF9 /* Calibre.framework */,
				4EA238D51D7796DC005AACF9 /* CalibreTests.xctest */,
				4ED70DD41D7F4D3A00A4DFBB /* Calibre Example.app */,
			);
			name = Products;
			sourceTree = "<group>";
		};
		4EA238CD1D7796DC005AACF9 /* Calibre */ = {
			isa = PBXGroup;
			children = (
				4EA239B01D79F141005AACF9 /* Core */,
				4EA239D31D7DCAF8005AACF9 /* Navigation */,
				4EA238CE1D7796DC005AACF9 /* Calibre.h */,
				4EA238D01D7796DC005AACF9 /* Info.plist */,
			);
			path = Calibre;
			sourceTree = "<group>";
		};
		4EA238D91D7796DC005AACF9 /* CalibreTests */ = {
			isa = PBXGroup;
			children = (
				4ED70DCC1D7DE8DD00A4DFBB /* Core */,
				4ED70DCD1D7DE8E400A4DFBB /* Navigation */,
				4EA238DC1D7796DC005AACF9 /* Info.plist */,
			);
			path = CalibreTests;
			sourceTree = "<group>";
		};
		4EA239B01D79F141005AACF9 /* Core */ = {
			isa = PBXGroup;
			children = (
				4EA238E81D779784005AACF9 /* Action.swift */,
				4EA238EE1D779945005AACF9 /* Reducer.swift */,
				4EA238EC1D7797FB005AACF9 /* State.swift */,
				4EA238F21D779AE2005AACF9 /* Store.swift */,
				4EA238EA1D7797DE005AACF9 /* Subscription.swift */,
				4EA238F01D7799FD005AACF9 /* Types.swift */,
			);
			name = Core;
			sourceTree = "<group>";
		};
		4EA239D31D7DCAF8005AACF9 /* Navigation */ = {
			isa = PBXGroup;
			children = (
				4EA239D81D7DCD59005AACF9 /* Extensions */,
				4EA239D61D7DCCBF005AACF9 /* Command.swift */,
			);
			name = Navigation;
			sourceTree = "<group>";
		};
		4EA239D81D7DCD59005AACF9 /* Extensions */ = {
			isa = PBXGroup;
			children = (
				4EA239D91D7DCD64005AACF9 /* UIResponder+CoR.swift */,
			);
			name = Extensions;
			sourceTree = "<group>";
		};
		4ED70DCC1D7DE8DD00A4DFBB /* Core */ = {
			isa = PBXGroup;
			children = (
				4EA238DA1D7796DC005AACF9 /* CalibreTests.swift */,
			);
			name = Core;
			sourceTree = "<group>";
		};
		4ED70DCD1D7DE8E400A4DFBB /* Navigation */ = {
			isa = PBXGroup;
			children = (
				4ED70DCE1D7DE90400A4DFBB /* CommandChainTests.swift */,
			);
			name = Navigation;
			sourceTree = "<group>";
		};
		4ED70DD51D7F4D3A00A4DFBB /* Calibre Example */ = {
			isa = PBXGroup;
			children = (
				4ED70DF81D7F507400A4DFBB /* Actions */,
				4ED70DE71D7F4D5000A4DFBB /* Application */,
				4ED70DF31D7F4FBE00A4DFBB /* Reducers */,
				4ED70DE81D7F4D5600A4DFBB /* Resources */,
				4ED70DEF1D7F4F2A00A4DFBB /* State */,
				4ED70DE61D7F4D4200A4DFBB /* View */,
			);
			path = "Calibre Example";
			sourceTree = "<group>";
		};
		4ED70DE61D7F4D4200A4DFBB /* View */ = {
			isa = PBXGroup;
			children = (
				4ED70E051D7F68A900A4DFBB /* Cells */,
				4ED70DFE1D7F52D900A4DFBB /* Coordinators */,
				4ED70E011D7F669F00A4DFBB /* ProductsListViewController.swift */,
				4ED70DE91D7F4D9F00A4DFBB /* SplashViewController.swift */,
				4ED70E021D7F669F00A4DFBB /* Calibre_Example.ProductsListViewController.xib */,
				4ED70DEA1D7F4D9F00A4DFBB /* Calibre_Example.SplashViewController.xib */,
			);
			name = View;
			sourceTree = "<group>";
		};
		4ED70DE71D7F4D5000A4DFBB /* Application */ = {
			isa = PBXGroup;
			children = (
				4ED70DD61D7F4D3A00A4DFBB /* AppDelegate.swift */,
			);
			name = Application;
			sourceTree = "<group>";
		};
		4ED70DE81D7F4D5600A4DFBB /* Resources */ = {
			isa = PBXGroup;
			children = (
				4ED70DDD1D7F4D3A00A4DFBB /* Assets.xcassets */,
				4ED70DDF1D7F4D3A00A4DFBB /* LaunchScreen.storyboard */,
				4ED70DE21D7F4D3A00A4DFBB /* Info.plist */,
			);
			name = Resources;
			sourceTree = "<group>";
		};
		4ED70DEF1D7F4F2A00A4DFBB /* State */ = {
			isa = PBXGroup;
			children = (
				4ED70DF01D7F4F3900A4DFBB /* Models */,
				4ED70DED1D7F4F0200A4DFBB /* AppState.swift */,
			);
			name = State;
			sourceTree = "<group>";
		};
		4ED70DF01D7F4F3900A4DFBB /* Models */ = {
			isa = PBXGroup;
			children = (
				4ED70DF11D7F4F4C00A4DFBB /* Product.swift */,
			);
			name = Models;
			sourceTree = "<group>";
		};
		4ED70DF31D7F4FBE00A4DFBB /* Reducers */ = {
			isa = PBXGroup;
			children = (
				4ED70DF41D7F4FC700A4DFBB /* AppReducer.swift */,
				4ED70DF61D7F501F00A4DFBB /* ProductsReducer.swift */,
			);
			name = Reducers;
			sourceTree = "<group>";
		};
		4ED70DF81D7F507400A4DFBB /* Actions */ = {
			isa = PBXGroup;
			children = (
				4ED70DF91D7F50A900A4DFBB /* AddProductAction.swift */,
			);
			name = Actions;
			sourceTree = "<group>";
		};
		4ED70DFE1D7F52D900A4DFBB /* Coordinators */ = {
			isa = PBXGroup;
			children = (
				4ED70DFF1D7F666300A4DFBB /* ProductsFlowController.swift */,
			);
			name = Coordinators;
			sourceTree = "<group>";
		};
		4ED70E051D7F68A900A4DFBB /* Cells */ = {
			isa = PBXGroup;
			children = (
				4ED70E061D7F68C000A4DFBB /* ProductsListCell.swift */,
				4ED70E071D7F68C000A4DFBB /* Calibre_Example.ProductsListCell.xib */,
			);
			name = Cells;
			sourceTree = "<group>";
		};
/* End PBXGroup section */

/* Begin PBXHeadersBuildPhase section */
		4EA238C81D7796DC005AACF9 /* Headers */ = {
			isa = PBXHeadersBuildPhase;
			buildActionMask = 2147483647;
			files = (
				4EA238CF1D7796DC005AACF9 /* Calibre.h in Headers */,
			);
			runOnlyForDeploymentPostprocessing = 0;
		};
/* End PBXHeadersBuildPhase section */

/* Begin PBXNativeTarget section */
		4EA238CA1D7796DC005AACF9 /* Calibre */ = {
			isa = PBXNativeTarget;
			buildConfigurationList = 4EA238DF1D7796DC005AACF9 /* Build configuration list for PBXNativeTarget "Calibre" */;
			buildPhases = (
				4EA238C61D7796DC005AACF9 /* Sources */,
				4EA238C71D7796DC005AACF9 /* Frameworks */,
				4EA238C81D7796DC005AACF9 /* Headers */,
				4EA238C91D7796DC005AACF9 /* Resources */,
			);
			buildRules = (
			);
			dependencies = (
			);
			name = Calibre;
			productName = Calibre;
			productReference = 4EA238CB1D7796DC005AACF9 /* Calibre.framework */;
			productType = "com.apple.product-type.framework";
		};
		4EA238D41D7796DC005AACF9 /* CalibreTests */ = {
			isa = PBXNativeTarget;
			buildConfigurationList = 4EA238E21D7796DC005AACF9 /* Build configuration list for PBXNativeTarget "CalibreTests" */;
			buildPhases = (
				4EA238D11D7796DC005AACF9 /* Sources */,
				4EA238D21D7796DC005AACF9 /* Frameworks */,
				4EA238D31D7796DC005AACF9 /* Resources */,
			);
			buildRules = (
			);
			dependencies = (
				4EA238D81D7796DC005AACF9 /* PBXTargetDependency */,
			);
			name = CalibreTests;
			productName = CalibreTests;
			productReference = 4EA238D51D7796DC005AACF9 /* CalibreTests.xctest */;
			productType = "com.apple.product-type.bundle.unit-test";
		};
		4ED70DD31D7F4D3900A4DFBB /* Calibre Example */ = {
			isa = PBXNativeTarget;
			buildConfigurationList = 4ED70DE51D7F4D3A00A4DFBB /* Build configuration list for PBXNativeTarget "Calibre Example" */;
			buildPhases = (
				4ED70DD01D7F4D3900A4DFBB /* Sources */,
				4ED70DD11D7F4D3900A4DFBB /* Frameworks */,
				4ED70DD21D7F4D3900A4DFBB /* Resources */,
			);
			buildRules = (
			);
			dependencies = (
				4ED70DFC1D7F52A100A4DFBB /* PBXTargetDependency */,
			);
			name = "Calibre Example";
			productName = "Calibre Example";
			productReference = 4ED70DD41D7F4D3A00A4DFBB /* Calibre Example.app */;
			productType = "com.apple.product-type.application";
		};
/* End PBXNativeTarget section */

/* Begin PBXProject section */
		4EA238C21D7796DC005AACF9 /* Project object */ = {
			isa = PBXProject;
			attributes = {
				LastSwiftUpdateCheck = 0730;
				LastUpgradeCheck = 0800;
				ORGANIZATIONNAME = "Greenshire, Inc.";
				TargetAttributes = {
					4EA238CA1D7796DC005AACF9 = {
						CreatedOnToolsVersion = 7.3.1;
						DevelopmentTeam = 5UUW96Q8NT;
						LastSwiftMigration = 0800;
					};
					4EA238D41D7796DC005AACF9 = {
						CreatedOnToolsVersion = 7.3.1;
						LastSwiftMigration = 0800;
					};
					4ED70DD31D7F4D3900A4DFBB = {
						CreatedOnToolsVersion = 7.3.1;
						DevelopmentTeam = 5UUW96Q8NT;
					};
				};
			};
			buildConfigurationList = 4EA238C51D7796DC005AACF9 /* Build configuration list for PBXProject "Calibre" */;
			compatibilityVersion = "Xcode 3.2";
			developmentRegion = English;
			hasScannedForEncodings = 0;
			knownRegions = (
				en,
				Base,
			);
			mainGroup = 4EA238C11D7796DC005AACF9;
			productRefGroup = 4EA238CC1D7796DC005AACF9 /* Products */;
			projectDirPath = "";
			projectRoot = "";
			targets = (
				4EA238CA1D7796DC005AACF9 /* Calibre */,
				4EA238D41D7796DC005AACF9 /* CalibreTests */,
				4ED70DD31D7F4D3900A4DFBB /* Calibre Example */,
			);
		};
/* End PBXProject section */

/* Begin PBXResourcesBuildPhase section */
		4EA238C91D7796DC005AACF9 /* Resources */ = {
			isa = PBXResourcesBuildPhase;
			buildActionMask = 2147483647;
			files = (
			);
			runOnlyForDeploymentPostprocessing = 0;
		};
		4EA238D31D7796DC005AACF9 /* Resources */ = {
			isa = PBXResourcesBuildPhase;
			buildActionMask = 2147483647;
			files = (
			);
			runOnlyForDeploymentPostprocessing = 0;
		};
		4ED70DD21D7F4D3900A4DFBB /* Resources */ = {
			isa = PBXResourcesBuildPhase;
			buildActionMask = 2147483647;
			files = (
				4ED70DE11D7F4D3A00A4DFBB /* LaunchScreen.storyboard in Resources */,
				4ED70DEC1D7F4D9F00A4DFBB /* Calibre_Example.SplashViewController.xib in Resources */,
				4ED70E041D7F669F00A4DFBB /* Calibre_Example.ProductsListViewController.xib in Resources */,
				4ED70E091D7F68C000A4DFBB /* Calibre_Example.ProductsListCell.xib in Resources */,
				4ED70DDE1D7F4D3A00A4DFBB /* Assets.xcassets in Resources */,
			);
			runOnlyForDeploymentPostprocessing = 0;
		};
/* End PBXResourcesBuildPhase section */

/* Begin PBXSourcesBuildPhase section */
		4EA238C61D7796DC005AACF9 /* Sources */ = {
			isa = PBXSourcesBuildPhase;
			buildActionMask = 2147483647;
			files = (
				4EA238F31D779AE2005AACF9 /* Store.swift in Sources */,
				4EA238EB1D7797DE005AACF9 /* Subscription.swift in Sources */,
				4EA238E91D779785005AACF9 /* Action.swift in Sources */,
				4EA238F11D7799FD005AACF9 /* Types.swift in Sources */,
				4EA239D71D7DCCBF005AACF9 /* Command.swift in Sources */,
				4EA238EF1D779945005AACF9 /* Reducer.swift in Sources */,
				4EA238ED1D7797FB005AACF9 /* State.swift in Sources */,
				4EA239DA1D7DCD64005AACF9 /* UIResponder+CoR.swift in Sources */,
			);
			runOnlyForDeploymentPostprocessing = 0;
		};
		4EA238D11D7796DC005AACF9 /* Sources */ = {
			isa = PBXSourcesBuildPhase;
			buildActionMask = 2147483647;
			files = (
				4EA238DB1D7796DC005AACF9 /* CalibreTests.swift in Sources */,
				4ED70DCF1D7DE90400A4DFBB /* CommandChainTests.swift in Sources */,
			);
			runOnlyForDeploymentPostprocessing = 0;
		};
		4ED70DD01D7F4D3900A4DFBB /* Sources */ = {
			isa = PBXSourcesBuildPhase;
			buildActionMask = 2147483647;
			files = (
				4ED70DEE1D7F4F0200A4DFBB /* AppState.swift in Sources */,
				4ED70DF21D7F4F4C00A4DFBB /* Product.swift in Sources */,
				4ED70DF71D7F501F00A4DFBB /* ProductsReducer.swift in Sources */,
				4ED70DFA1D7F50A900A4DFBB /* AddProductAction.swift in Sources */,
				4ED70DEB1D7F4D9F00A4DFBB /* SplashViewController.swift in Sources */,
				4ED70E081D7F68C000A4DFBB /* ProductsListCell.swift in Sources */,
				4ED70DD71D7F4D3A00A4DFBB /* AppDelegate.swift in Sources */,
				4ED70DF51D7F4FC700A4DFBB /* AppReducer.swift in Sources */,
				4ED70E001D7F666300A4DFBB /* ProductsFlowController.swift in Sources */,
				4ED70E031D7F669F00A4DFBB /* ProductsListViewController.swift in Sources */,
			);
			runOnlyForDeploymentPostprocessing = 0;
		};
/* End PBXSourcesBuildPhase section */

/* Begin PBXTargetDependency section */
		4EA238D81D7796DC005AACF9 /* PBXTargetDependency */ = {
			isa = PBXTargetDependency;
			target = 4EA238CA1D7796DC005AACF9 /* Calibre */;
			targetProxy = 4EA238D71D7796DC005AACF9 /* PBXContainerItemProxy */;
		};
		4ED70DFC1D7F52A100A4DFBB /* PBXTargetDependency */ = {
			isa = PBXTargetDependency;
			target = 4EA238CA1D7796DC005AACF9 /* Calibre */;
			targetProxy = 4ED70DFB1D7F52A100A4DFBB /* PBXContainerItemProxy */;
		};
/* End PBXTargetDependency section */

/* Begin PBXVariantGroup section */
		4ED70DDF1D7F4D3A00A4DFBB /* LaunchScreen.storyboard */ = {
			isa = PBXVariantGroup;
			children = (
				4ED70DE01D7F4D3A00A4DFBB /* Base */,
			);
			name = LaunchScreen.storyboard;
			sourceTree = "<group>";
		};
/* End PBXVariantGroup section */

/* Begin XCBuildConfiguration section */
		4EA238DD1D7796DC005AACF9 /* Debug */ = {
			isa = XCBuildConfiguration;
			buildSettings = {
				ALWAYS_SEARCH_USER_PATHS = NO;
				CLANG_ANALYZER_NONNULL = YES;
				CLANG_CXX_LANGUAGE_STANDARD = "gnu++0x";
				CLANG_CXX_LIBRARY = "libc++";
				CLANG_ENABLE_MODULES = YES;
				CLANG_ENABLE_OBJC_ARC = YES;
				CLANG_WARN_BOOL_CONVERSION = YES;
				CLANG_WARN_CONSTANT_CONVERSION = YES;
				CLANG_WARN_DIRECT_OBJC_ISA_USAGE = YES_ERROR;
				CLANG_WARN_EMPTY_BODY = YES;
				CLANG_WARN_ENUM_CONVERSION = YES;
				CLANG_WARN_INFINITE_RECURSION = YES;
				CLANG_WARN_INT_CONVERSION = YES;
				CLANG_WARN_OBJC_ROOT_CLASS = YES_ERROR;
				CLANG_WARN_SUSPICIOUS_MOVE = YES;
				CLANG_WARN_UNREACHABLE_CODE = YES;
				CLANG_WARN__DUPLICATE_METHOD_MATCH = YES;
				"CODE_SIGN_IDENTITY[sdk=iphoneos*]" = "iPhone Developer";
				COPY_PHASE_STRIP = NO;
				CURRENT_PROJECT_VERSION = 1;
				DEBUG_INFORMATION_FORMAT = dwarf;
				ENABLE_STRICT_OBJC_MSGSEND = YES;
				ENABLE_TESTABILITY = YES;
				GCC_C_LANGUAGE_STANDARD = gnu99;
				GCC_DYNAMIC_NO_PIC = NO;
				GCC_NO_COMMON_BLOCKS = YES;
				GCC_OPTIMIZATION_LEVEL = 0;
				GCC_PREPROCESSOR_DEFINITIONS = (
					"DEBUG=1",
					"$(inherited)",
				);
				GCC_WARN_64_TO_32_BIT_CONVERSION = YES;
				GCC_WARN_ABOUT_RETURN_TYPE = YES_ERROR;
				GCC_WARN_UNDECLARED_SELECTOR = YES;
				GCC_WARN_UNINITIALIZED_AUTOS = YES_AGGRESSIVE;
				GCC_WARN_UNUSED_FUNCTION = YES;
				GCC_WARN_UNUSED_VARIABLE = YES;
				IPHONEOS_DEPLOYMENT_TARGET = 9.0;
				MTL_ENABLE_DEBUG_INFO = YES;
				ONLY_ACTIVE_ARCH = YES;
				SDKROOT = iphoneos;
				SWIFT_OPTIMIZATION_LEVEL = "-Onone";
				TARGETED_DEVICE_FAMILY = "1,2,3,4";
				VERSIONING_SYSTEM = "apple-generic";
				VERSION_INFO_PREFIX = "";
			};
			name = Debug;
		};
		4EA238DE1D7796DC005AACF9 /* Release */ = {
			isa = XCBuildConfiguration;
			buildSettings = {
				ALWAYS_SEARCH_USER_PATHS = NO;
				CLANG_ANALYZER_NONNULL = YES;
				CLANG_CXX_LANGUAGE_STANDARD = "gnu++0x";
				CLANG_CXX_LIBRARY = "libc++";
				CLANG_ENABLE_MODULES = YES;
				CLANG_ENABLE_OBJC_ARC = YES;
				CLANG_WARN_BOOL_CONVERSION = YES;
				CLANG_WARN_CONSTANT_CONVERSION = YES;
				CLANG_WARN_DIRECT_OBJC_ISA_USAGE = YES_ERROR;
				CLANG_WARN_EMPTY_BODY = YES;
				CLANG_WARN_ENUM_CONVERSION = YES;
				CLANG_WARN_INFINITE_RECURSION = YES;
				CLANG_WARN_INT_CONVERSION = YES;
				CLANG_WARN_OBJC_ROOT_CLASS = YES_ERROR;
				CLANG_WARN_SUSPICIOUS_MOVE = YES;
				CLANG_WARN_UNREACHABLE_CODE = YES;
				CLANG_WARN__DUPLICATE_METHOD_MATCH = YES;
				"CODE_SIGN_IDENTITY[sdk=iphoneos*]" = "iPhone Developer";
				COPY_PHASE_STRIP = NO;
				CURRENT_PROJECT_VERSION = 1;
				DEBUG_INFORMATION_FORMAT = "dwarf-with-dsym";
				ENABLE_NS_ASSERTIONS = NO;
				ENABLE_STRICT_OBJC_MSGSEND = YES;
				GCC_C_LANGUAGE_STANDARD = gnu99;
				GCC_NO_COMMON_BLOCKS = YES;
				GCC_WARN_64_TO_32_BIT_CONVERSION = YES;
				GCC_WARN_ABOUT_RETURN_TYPE = YES_ERROR;
				GCC_WARN_UNDECLARED_SELECTOR = YES;
				GCC_WARN_UNINITIALIZED_AUTOS = YES_AGGRESSIVE;
				GCC_WARN_UNUSED_FUNCTION = YES;
				GCC_WARN_UNUSED_VARIABLE = YES;
				IPHONEOS_DEPLOYMENT_TARGET = 9.0;
				MTL_ENABLE_DEBUG_INFO = NO;
				SDKROOT = iphoneos;
				SWIFT_OPTIMIZATION_LEVEL = "-Owholemodule";
				TARGETED_DEVICE_FAMILY = "1,2,3,4";
				VALIDATE_PRODUCT = YES;
				VERSIONING_SYSTEM = "apple-generic";
				VERSION_INFO_PREFIX = "";
			};
			name = Release;
		};
		4EA238E01D7796DC005AACF9 /* Debug */ = {
			isa = XCBuildConfiguration;
			buildSettings = {
				CLANG_ENABLE_MODULES = YES;
				CODE_SIGN_IDENTITY = "iPhone Developer";
				"CODE_SIGN_IDENTITY[sdk=iphoneos*]" = "";
				DEFINES_MODULE = YES;
				DYLIB_COMPATIBILITY_VERSION = 1;
				DYLIB_CURRENT_VERSION = 1;
				DYLIB_INSTALL_NAME_BASE = "@rpath";
				INFOPLIST_FILE = Calibre/Info.plist;
				INSTALL_PATH = "$(LOCAL_LIBRARY_DIR)/Frameworks";
				IPHONEOS_DEPLOYMENT_TARGET = 8.1;
				LD_RUNPATH_SEARCH_PATHS = "$(inherited) @executable_path/Frameworks @loader_path/Frameworks";
				PRODUCT_BUNDLE_IDENTIFIER = co.greenshire.library.Calibre;
				PRODUCT_NAME = "$(TARGET_NAME)";
				PROVISIONING_PROFILE = "";
				SKIP_INSTALL = YES;
				SUPPORTED_PLATFORMS = "iphonesimulator iphoneos appletvos appletvsimulator";
				SWIFT_OPTIMIZATION_LEVEL = "-Onone";
				SWIFT_VERSION = 3.0;
			};
			name = Debug;
		};
		4EA238E11D7796DC005AACF9 /* Release */ = {
			isa = XCBuildConfiguration;
			buildSettings = {
				CLANG_ENABLE_MODULES = YES;
				CODE_SIGN_IDENTITY = "iPhone Developer";
				"CODE_SIGN_IDENTITY[sdk=iphoneos*]" = "";
				DEFINES_MODULE = YES;
				DYLIB_COMPATIBILITY_VERSION = 1;
				DYLIB_CURRENT_VERSION = 1;
				DYLIB_INSTALL_NAME_BASE = "@rpath";
				INFOPLIST_FILE = Calibre/Info.plist;
				INSTALL_PATH = "$(LOCAL_LIBRARY_DIR)/Frameworks";
				IPHONEOS_DEPLOYMENT_TARGET = 8.1;
				LD_RUNPATH_SEARCH_PATHS = "$(inherited) @executable_path/Frameworks @loader_path/Frameworks";
				PRODUCT_BUNDLE_IDENTIFIER = co.greenshire.library.Calibre;
				PRODUCT_NAME = "$(TARGET_NAME)";
				PROVISIONING_PROFILE = "";
				SKIP_INSTALL = YES;
				SUPPORTED_PLATFORMS = "iphonesimulator iphoneos appletvos appletvsimulator";
				SWIFT_VERSION = 3.0;
			};
			name = Release;
		};
		4EA238E31D7796DC005AACF9 /* Debug */ = {
			isa = XCBuildConfiguration;
			buildSettings = {
				INFOPLIST_FILE = CalibreTests/Info.plist;
				LD_RUNPATH_SEARCH_PATHS = "$(inherited) @executable_path/Frameworks @loader_path/Frameworks @executable_path/../Frameworks @loader_path/../Frameworks";
				PRODUCT_BUNDLE_IDENTIFIER = co.greenshire.ios.library.CalibreTests;
				PRODUCT_NAME = "$(TARGET_NAME)";
				SUPPORTED_PLATFORMS = "iphonesimulator iphoneos watchsimulator appletvsimulator watchos macosx appletvos";
				SWIFT_VERSION = 3.0;
			};
			name = Debug;
		};
		4EA238E41D7796DC005AACF9 /* Release */ = {
			isa = XCBuildConfiguration;
			buildSettings = {
				INFOPLIST_FILE = CalibreTests/Info.plist;
				LD_RUNPATH_SEARCH_PATHS = "$(inherited) @executable_path/Frameworks @loader_path/Frameworks @executable_path/../Frameworks @loader_path/../Frameworks";
				PRODUCT_BUNDLE_IDENTIFIER = co.greenshire.ios.library.CalibreTests;
				PRODUCT_NAME = "$(TARGET_NAME)";
				SUPPORTED_PLATFORMS = "iphonesimulator iphoneos watchsimulator appletvsimulator watchos macosx appletvos";
				SWIFT_VERSION = 3.0;
			};
			name = Release;
		};
		4ED70DE31D7F4D3A00A4DFBB /* Debug */ = {
			isa = XCBuildConfiguration;
			buildSettings = {
				ASSETCATALOG_COMPILER_APPICON_NAME = AppIcon;
				CODE_SIGN_IDENTITY = "iPhone Developer";
				INFOPLIST_FILE = "Calibre Example/Info.plist";
				IPHONEOS_DEPLOYMENT_TARGET = 8.0;
				LD_RUNPATH_SEARCH_PATHS = "$(inherited) @executable_path/Frameworks";
				PRODUCT_BUNDLE_IDENTIFIER = "co.greenshire.example.Calibre-Example";
				PRODUCT_NAME = "$(TARGET_NAME)";
			};
			name = Debug;
		};
		4ED70DE41D7F4D3A00A4DFBB /* Release */ = {
			isa = XCBuildConfiguration;
			buildSettings = {
				ASSETCATALOG_COMPILER_APPICON_NAME = AppIcon;
				CODE_SIGN_IDENTITY = "iPhone Developer";
				INFOPLIST_FILE = "Calibre Example/Info.plist";
				IPHONEOS_DEPLOYMENT_TARGET = 8.0;
				LD_RUNPATH_SEARCH_PATHS = "$(inherited) @executable_path/Frameworks";
				PRODUCT_BUNDLE_IDENTIFIER = "co.greenshire.example.Calibre-Example";
				PRODUCT_NAME = "$(TARGET_NAME)";
			};
			name = Release;
		};
/* End XCBuildConfiguration section */

/* Begin XCConfigurationList section */
		4EA238C51D7796DC005AACF9 /* Build configuration list for PBXProject "Calibre" */ = {
			isa = XCConfigurationList;
			buildConfigurations = (
				4EA238DD1D7796DC005AACF9 /* Debug */,
				4EA238DE1D7796DC005AACF9 /* Release */,
			);
			defaultConfigurationIsVisible = 0;
			defaultConfigurationName = Release;
		};
		4EA238DF1D7796DC005AACF9 /* Build configuration list for PBXNativeTarget "Calibre" */ = {
			isa = XCConfigurationList;
			buildConfigurations = (
				4EA238E01D7796DC005AACF9 /* Debug */,
				4EA238E11D7796DC005AACF9 /* Release */,
			);
			defaultConfigurationIsVisible = 0;
			defaultConfigurationName = Release;
		};
		4EA238E21D7796DC005AACF9 /* Build configuration list for PBXNativeTarget "CalibreTests" */ = {
			isa = XCConfigurationList;
			buildConfigurations = (
				4EA238E31D7796DC005AACF9 /* Debug */,
				4EA238E41D7796DC005AACF9 /* Release */,
			);
			defaultConfigurationIsVisible = 0;
			defaultConfigurationName = Release;
		};
		4ED70DE51D7F4D3A00A4DFBB /* Build configuration list for PBXNativeTarget "Calibre Example" */ = {
			isa = XCConfigurationList;
			buildConfigurations = (
				4ED70DE31D7F4D3A00A4DFBB /* Debug */,
				4ED70DE41D7F4D3A00A4DFBB /* Release */,
			);
			defaultConfigurationIsVisible = 0;
			defaultConfigurationName = Release;
		};
/* End XCConfigurationList section */
	};
	rootObject = 4EA238C21D7796DC005AACF9 /* Project object */;
}
